
Microsoft Visual Studio Solution File, Format Version 12.00
# Visual Studio 2013
VisualStudioVersion = 12.0.21005.1
MinimumVisualStudioVersion = 10.0.40219.1
Project("{2150E333-8FDC-42A3-9474-1A3956D46DE8}") = ".nuget", ".nuget", "{F71DAA02-29A8-418D-BD7D-A09B30201B3C}"
	ProjectSection(SolutionItems) = preProject
		.nuget\NuGet.Config = .nuget\NuGet.Config
		.nuget\nuget.exe = .nuget\nuget.exe
		.nuget\NuGet.targets = .nuget\NuGet.targets
	EndProjectSection
EndProject
Project("{FAE04EC0-301F-11D3-BF4B-00C04F79EFBC}") = "ActivitySpaces", "ActivitySpaces\ActivitySpaces.csproj", "{B885C84D-D2C7-4B1A-8167-2D6544AF99E3}"
EndProject
Project("{FAE04EC0-301F-11D3-BF4B-00C04F79EFBC}") = "ABC.PInvoke", "..\ABC\ABC\ABC.PInvoke\ABC.PInvoke.csproj", "{072142C4-284E-4F1A-A1FE-F886E8ECF728}"
EndProject
Project("{FAE04EC0-301F-11D3-BF4B-00C04F79EFBC}") = "ABC.Windows", "..\ABC\ABC\ABC.Windows\ABC.Windows.csproj", "{DB8DBDF2-70BF-4712-86DA-06674986BC12}"
EndProject
Project("{FAE04EC0-301F-11D3-BF4B-00C04F79EFBC}") = "NooSphere.Model", "..\NooSphere\NooSphere\NooSphere.Model\NooSphere.Model.csproj", "{DC2A799F-B985-4A95-9B3C-FECFE14B8597}"
EndProject
Project("{FAE04EC0-301F-11D3-BF4B-00C04F79EFBC}") = "ABC.Applications", "..\ABC\ABC\ABC.Applications\ABC.Applications.csproj", "{4FD0D614-3F1D-4C4B-AE41-69EF8660C94F}"
EndProject
Project("{FAE04EC0-301F-11D3-BF4B-00C04F79EFBC}") = "ABC.Common", "..\ABC\ABC\ABC.Common\ABC.Common.csproj", "{D53F1095-6DC0-4950-982F-3322AAE74A50}"
EndProject
Project("{FAE04EC0-301F-11D3-BF4B-00C04F79EFBC}") = "NooSphere.Infrastructure", "..\NooSphere\NooSphere\NooSphere.Infrastructure\NooSphere.Infrastructure.csproj", "{CF6BF4DE-E88F-448E-8F6B-F5E2A9E3B033}"
EndProject
Global
	GlobalSection(SolutionConfigurationPlatforms) = preSolution
		Debug|Any CPU = Debug|Any CPU
		Debug|Mixed Platforms = Debug|Mixed Platforms
		Debug|x64 = Debug|x64
		Debug|x86 = Debug|x86
		Release|Any CPU = Release|Any CPU
		Release|Mixed Platforms = Release|Mixed Platforms
		Release|x64 = Release|x64
		Release|x86 = Release|x86
	EndGlobalSection
	GlobalSection(ProjectConfigurationPlatforms) = postSolution
		{B885C84D-D2C7-4B1A-8167-2D6544AF99E3}.Debug|Any CPU.ActiveCfg = Debug|Any CPU
		{B885C84D-D2C7-4B1A-8167-2D6544AF99E3}.Debug|Any CPU.Build.0 = Debug|Any CPU
		{B885C84D-D2C7-4B1A-8167-2D6544AF99E3}.Debug|Mixed Platforms.ActiveCfg = Debug|Any CPU
		{B885C84D-D2C7-4B1A-8167-2D6544AF99E3}.Debug|Mixed Platforms.Build.0 = Debug|Any CPU
		{B885C84D-D2C7-4B1A-8167-2D6544AF99E3}.Debug|x64.ActiveCfg = Debug|x64
		{B885C84D-D2C7-4B1A-8167-2D6544AF99E3}.Debug|x64.Build.0 = Debug|x64
		{B885C84D-D2C7-4B1A-8167-2D6544AF99E3}.Debug|x86.ActiveCfg = Debug|x86
		{B885C84D-D2C7-4B1A-8167-2D6544AF99E3}.Debug|x86.Build.0 = Debug|x86
		{B885C84D-D2C7-4B1A-8167-2D6544AF99E3}.Release|Any CPU.ActiveCfg = Release|x86
		{B885C84D-D2C7-4B1A-8167-2D6544AF99E3}.Release|Mixed Platforms.ActiveCfg = Release|x86
		{B885C84D-D2C7-4B1A-8167-2D6544AF99E3}.Release|Mixed Platforms.Build.0 = Release|x86
		{B885C84D-D2C7-4B1A-8167-2D6544AF99E3}.Release|x64.ActiveCfg = Release|x86
		{B885C84D-D2C7-4B1A-8167-2D6544AF99E3}.Release|x86.ActiveCfg = Release|x86
		{B885C84D-D2C7-4B1A-8167-2D6544AF99E3}.Release|x86.Build.0 = Release|x86
		{072142C4-284E-4F1A-A1FE-F886E8ECF728}.Debug|Any CPU.ActiveCfg = Debug|Any CPU
		{072142C4-284E-4F1A-A1FE-F886E8ECF728}.Debug|Any CPU.Build.0 = Debug|Any CPU
		{072142C4-284E-4F1A-A1FE-F886E8ECF728}.Debug|Mixed Platforms.ActiveCfg = Debug|Any CPU
		{072142C4-284E-4F1A-A1FE-F886E8ECF728}.Debug|Mixed Platforms.Build.0 = Debug|Any CPU
		{072142C4-284E-4F1A-A1FE-F886E8ECF728}.Debug|x64.ActiveCfg = Debug|x64
		{072142C4-284E-4F1A-A1FE-F886E8ECF728}.Debug|x64.Build.0 = Debug|x64
		{072142C4-284E-4F1A-A1FE-F886E8ECF728}.Debug|x86.ActiveCfg = Debug|x86
		{072142C4-284E-4F1A-A1FE-F886E8ECF728}.Debug|x86.Build.0 = Debug|x86
		{072142C4-284E-4F1A-A1FE-F886E8ECF728}.Release|Any CPU.ActiveCfg = Release|Any CPU
		{072142C4-284E-4F1A-A1FE-F886E8ECF728}.Release|Any CPU.Build.0 = Release|Any CPU
		{072142C4-284E-4F1A-A1FE-F886E8ECF728}.Release|Mixed Platforms.ActiveCfg = Release|x86
		{072142C4-284E-4F1A-A1FE-F886E8ECF728}.Release|Mixed Platforms.Build.0 = Release|x86
		{072142C4-284E-4F1A-A1FE-F886E8ECF728}.Release|x64.ActiveCfg = Release|x64
		{072142C4-284E-4F1A-A1FE-F886E8ECF728}.Release|x64.Build.0 = Release|x64
		{072142C4-284E-4F1A-A1FE-F886E8ECF728}.Release|x86.ActiveCfg = Release|x86
		{072142C4-284E-4F1A-A1FE-F886E8ECF728}.Release|x86.Build.0 = Release|x86
		{DB8DBDF2-70BF-4712-86DA-06674986BC12}.Debug|Any CPU.ActiveCfg = Debug|Any CPU
		{DB8DBDF2-70BF-4712-86DA-06674986BC12}.Debug|Any CPU.Build.0 = Debug|Any CPU
		{DB8DBDF2-70BF-4712-86DA-06674986BC12}.Debug|Mixed Platforms.ActiveCfg = Debug|Any CPU
		{DB8DBDF2-70BF-4712-86DA-06674986BC12}.Debug|Mixed Platforms.Build.0 = Debug|Any CPU
		{DB8DBDF2-70BF-4712-86DA-06674986BC12}.Debug|x64.ActiveCfg = Debug|x64
		{DB8DBDF2-70BF-4712-86DA-06674986BC12}.Debug|x64.Build.0 = Debug|x64
		{DB8DBDF2-70BF-4712-86DA-06674986BC12}.Debug|x86.ActiveCfg = Debug|x86
		{DB8DBDF2-70BF-4712-86DA-06674986BC12}.Debug|x86.Build.0 = Debug|x86
		{DB8DBDF2-70BF-4712-86DA-06674986BC12}.Release|Any CPU.ActiveCfg = Release|Any CPU
		{DB8DBDF2-70BF-4712-86DA-06674986BC12}.Release|Any CPU.Build.0 = Release|Any CPU
		{DB8DBDF2-70BF-4712-86DA-06674986BC12}.Release|Mixed Platforms.ActiveCfg = Release|x86
		{DB8DBDF2-70BF-4712-86DA-06674986BC12}.Release|Mixed Platforms.Build.0 = Release|x86
		{DB8DBDF2-70BF-4712-86DA-06674986BC12}.Release|x64.ActiveCfg = Release|x64
		{DB8DBDF2-70BF-4712-86DA-06674986BC12}.Release|x64.Build.0 = Release|x64
		{DB8DBDF2-70BF-4712-86DA-06674986BC12}.Release|x86.ActiveCfg = Release|x86
		{DB8DBDF2-70BF-4712-86DA-06674986BC12}.Release|x86.Build.0 = Release|x86
		{DC2A799F-B985-4A95-9B3C-FECFE14B8597}.Debug|Any CPU.ActiveCfg = Debug|Any CPU
		{DC2A799F-B985-4A95-9B3C-FECFE14B8597}.Debug|Any CPU.Build.0 = Debug|Any CPU
		{DC2A799F-B985-4A95-9B3C-FECFE14B8597}.Debug|Mixed Platforms.ActiveCfg = Debug|Any CPU
		{DC2A799F-B985-4A95-9B3C-FECFE14B8597}.Debug|Mixed Platforms.Build.0 = Debug|Any CPU
		{DC2A799F-B985-4A95-9B3C-FECFE14B8597}.Debug|x64.ActiveCfg = Debug|x64
		{DC2A799F-B985-4A95-9B3C-FECFE14B8597}.Debug|x64.Build.0 = Debug|x64
		{DC2A799F-B985-4A95-9B3C-FECFE14B8597}.Debug|x86.ActiveCfg = Debug|x86
		{DC2A799F-B985-4A95-9B3C-FECFE14B8597}.Debug|x86.Build.0 = Debug|x86
		{DC2A799F-B985-4A95-9B3C-FECFE14B8597}.Release|Any CPU.ActiveCfg = Release|Any CPU
		{DC2A799F-B985-4A95-9B3C-FECFE14B8597}.Release|Any CPU.Build.0 = Release|Any CPU
		{DC2A799F-B985-4A95-9B3C-FECFE14B8597}.Release|Mixed Platforms.ActiveCfg = Release|x86
		{DC2A799F-B985-4A95-9B3C-FECFE14B8597}.Release|Mixed Platforms.Build.0 = Release|x86
		{DC2A799F-B985-4A95-9B3C-FECFE14B8597}.Release|x64.ActiveCfg = Release|x64
		{DC2A799F-B985-4A95-9B3C-FECFE14B8597}.Release|x64.Build.0 = Release|x64
		{DC2A799F-B985-4A95-9B3C-FECFE14B8597}.Release|x86.ActiveCfg = Release|x86
		{DC2A799F-B985-4A95-9B3C-FECFE14B8597}.Release|x86.Build.0 = Release|x86
		{4FD0D614-3F1D-4C4B-AE41-69EF8660C94F}.Debug|Any CPU.ActiveCfg = Debug|Any CPU
		{4FD0D614-3F1D-4C4B-AE41-69EF8660C94F}.Debug|Any CPU.Build.0 = Debug|Any CPU
		{4FD0D614-3F1D-4C4B-AE41-69EF8660C94F}.Debug|Mixed Platforms.ActiveCfg = Debug|Any CPU
		{4FD0D614-3F1D-4C4B-AE41-69EF8660C94F}.Debug|Mixed Platforms.Build.0 = Debug|Any CPU
		{4FD0D614-3F1D-4C4B-AE41-69EF8660C94F}.Debug|x64.ActiveCfg = Debug|Any CPU
		{4FD0D614-3F1D-4C4B-AE41-69EF8660C94F}.Debug|x86.ActiveCfg = Debug|Any CPU
		{4FD0D614-3F1D-4C4B-AE41-69EF8660C94F}.Release|Any CPU.ActiveCfg = Release|Any CPU
		{4FD0D614-3F1D-4C4B-AE41-69EF8660C94F}.Release|Any CPU.Build.0 = Release|Any CPU
		{4FD0D614-3F1D-4C4B-AE41-69EF8660C94F}.Release|Mixed Platforms.ActiveCfg = Release|Any CPU
		{4FD0D614-3F1D-4C4B-AE41-69EF8660C94F}.Release|Mixed Platforms.Build.0 = Release|Any CPU
		{4FD0D614-3F1D-4C4B-AE41-69EF8660C94F}.Release|x64.ActiveCfg = Release|Any CPU
		{4FD0D614-3F1D-4C4B-AE41-69EF8660C94F}.Release|x86.ActiveCfg = Release|Any CPU
		{D53F1095-6DC0-4950-982F-3322AAE74A50}.Debug|Any CPU.ActiveCfg = Debug|Any CPU
		{D53F1095-6DC0-4950-982F-3322AAE74A50}.Debug|Any CPU.Build.0 = Debug|Any CPU
		{D53F1095-6DC0-4950-982F-3322AAE74A50}.Debug|Mixed Platforms.ActiveCfg = Debug|Any CPU
		{D53F1095-6DC0-4950-982F-3322AAE74A50}.Debug|Mixed Platforms.Build.0 = Debug|Any CPU
		{D53F1095-6DC0-4950-982F-3322AAE74A50}.Debug|x64.ActiveCfg = Debug|Any CPU
		{D53F1095-6DC0-4950-982F-3322AAE74A50}.Debug|x86.ActiveCfg = Debug|Any CPU
		{D53F1095-6DC0-4950-982F-3322AAE74A50}.Release|Any CPU.ActiveCfg = Release|Any CPU
		{D53F1095-6DC0-4950-982F-3322AAE74A50}.Release|Any CPU.Build.0 = Release|Any CPU
		{D53F1095-6DC0-4950-982F-3322AAE74A50}.Release|Mixed Platforms.ActiveCfg = Release|Any CPU
		{D53F1095-6DC0-4950-982F-3322AAE74A50}.Release|Mixed Platforms.Build.0 = Release|Any CPU
		{D53F1095-6DC0-4950-982F-3322AAE74A50}.Release|x64.ActiveCfg = Release|Any CPU
		{D53F1095-6DC0-4950-982F-3322AAE74A50}.Release|x86.ActiveCfg = Release|Any CPU
		{CF6BF4DE-E88F-448E-8F6B-F5E2A9E3B033}.Debug|Any CPU.ActiveCfg = Debug|Any CPU
		{CF6BF4DE-E88F-448E-8F6B-F5E2A9E3B033}.Debug|Any CPU.Build.0 = Debug|Any CPU
		{CF6BF4DE-E88F-448E-8F6B-F5E2A9E3B033}.Debug|Mixed Platforms.ActiveCfg = Debug|Any CPU
		{CF6BF4DE-E88F-448E-8F6B-F5E2A9E3B033}.Debug|Mixed Platforms.Build.0 = Debug|Any CPU
		{CF6BF4DE-E88F-448E-8F6B-F5E2A9E3B033}.Debug|x64.ActiveCfg = Debug|Any CPU
		{CF6BF4DE-E88F-448E-8F6B-F5E2A9E3B033}.Debug|x86.ActiveCfg = Debug|Any CPU
		{CF6BF4DE-E88F-448E-8F6B-F5E2A9E3B033}.Release|Any CPU.ActiveCfg = Release|Any CPU
		{CF6BF4DE-E88F-448E-8F6B-F5E2A9E3B033}.Release|Any CPU.Build.0 = Release|Any CPU
		{CF6BF4DE-E88F-448E-8F6B-F5E2A9E3B033}.Release|Mixed Platforms.ActiveCfg = Release|Any CPU
		{CF6BF4DE-E88F-448E-8F6B-F5E2A9E3B033}.Release|Mixed Platforms.Build.0 = Release|Any CPU
		{CF6BF4DE-E88F-448E-8F6B-F5E2A9E3B033}.Release|x64.ActiveCfg = Release|Any CPU
		{CF6BF4DE-E88F-448E-8F6B-F5E2A9E3B033}.Release|x86.ActiveCfg = Release|Any CPU
	EndGlobalSection
	GlobalSection(SolutionProperties) = preSolution
		HideSolutionNode = FALSE
	EndGlobalSection
	GlobalSection(SubversionScc) = preSolution
		Svn-Managed = True
		Manager = AnkhSVN - Subversion Support for Visual Studio
	EndGlobalSection
EndGlobal
